
Microsoft Visual Studio Solution File, Format Version 12.00
# Visual Studio Version 16
VisualStudioVersion = 16.0.31702.278
MinimumVisualStudioVersion = 10.0.40219.1
Project("{FAE04EC0-301F-11D3-BF4B-00C04F79EFBC}") = "1093304_hw3", "1093304_hw3.csproj", "{C94C51AA-160F-47D5-82AF-2253CFD4B303}"
EndProject
Global
	GlobalSection(SolutionConfigurationPlatforms) = preSolution
		Debug|Any CPU = Debug|Any CPU
		Release|Any CPU = Release|Any CPU
	EndGlobalSection
	GlobalSection(ProjectConfigurationPlatforms) = postSolution
		{C94C51AA-160F-47D5-82AF-2253CFD4B303}.Debug|Any CPU.ActiveCfg = Debug|Any CPU
		{C94C51AA-160F-47D5-82AF-2253CFD4B303}.Debug|Any CPU.Build.0 = Debug|Any CPU
		{C94C51AA-160F-47D5-82AF-2253CFD4B303}.Release|Any CPU.ActiveCfg = Release|Any CPU
		{C94C51AA-160F-47D5-82AF-2253CFD4B303}.Release|Any CPU.Build.0 = Release|Any CPU
	EndGlobalSection
	GlobalSection(SolutionProperties) = preSolution
		HideSolutionNode = FALSE
	EndGlobalSection
	GlobalSection(ExtensibilityGlobals) = postSolution
		SolutionGuid = {9C3C07FD-0F83-4207-B5C2-ADC3EADAE507}
	EndGlobalSection
EndGlobal
